
Microsoft Visual Studio Solution File, Format Version 12.00
# Visual Studio 15
VisualStudioVersion = 15.0.27130.2003
MinimumVisualStudioVersion = 10.0.40219.1
Project("{FAE04EC0-301F-11D3-BF4B-00C04F79EFBC}") = "CST 356 Week 5 Lab", "CST 356 Week 5 Lab\CST 356 Week 5 Lab.csproj", "{118DC075-E670-4903-BEE6-F6D2CB8A5461}"
EndProject
Project("{FAE04EC0-301F-11D3-BF4B-00C04F79EFBC}") = "CST 356 Week 5 LabTests", "CST 356 Week 5 LabTests\CST 356 Week 5 LabTests.csproj", "{A3F0C5C4-50AD-44B5-9F19-E953CF8DB301}"
EndProject
Global
	GlobalSection(SolutionConfigurationPlatforms) = preSolution
		Debug|Any CPU = Debug|Any CPU
		Release|Any CPU = Release|Any CPU
	EndGlobalSection
	GlobalSection(ProjectConfigurationPlatforms) = postSolution
		{118DC075-E670-4903-BEE6-F6D2CB8A5461}.Debug|Any CPU.ActiveCfg = Debug|Any CPU
		{118DC075-E670-4903-BEE6-F6D2CB8A5461}.Debug|Any CPU.Build.0 = Debug|Any CPU
		{118DC075-E670-4903-BEE6-F6D2CB8A5461}.Release|Any CPU.ActiveCfg = Release|Any CPU
		{118DC075-E670-4903-BEE6-F6D2CB8A5461}.Release|Any CPU.Build.0 = Release|Any CPU
		{A3F0C5C4-50AD-44B5-9F19-E953CF8DB301}.Debug|Any CPU.ActiveCfg = Debug|Any CPU
		{A3F0C5C4-50AD-44B5-9F19-E953CF8DB301}.Debug|Any CPU.Build.0 = Debug|Any CPU
		{A3F0C5C4-50AD-44B5-9F19-E953CF8DB301}.Release|Any CPU.ActiveCfg = Release|Any CPU
		{A3F0C5C4-50AD-44B5-9F19-E953CF8DB301}.Release|Any CPU.Build.0 = Release|Any CPU
	EndGlobalSection
	GlobalSection(SolutionProperties) = preSolution
		HideSolutionNode = FALSE
	EndGlobalSection
	GlobalSection(ExtensibilityGlobals) = postSolution
		SolutionGuid = {23B84122-6B41-431C-9195-2BAFE28E1406}
	EndGlobalSection
EndGlobal
